# THIS IS AN AUTOGENERATED FILE. DO NOT EDIT THIS FILE DIRECTLY.
# yarn lockfile v1


jupyterlab-gcloud-auth@0.3.1:
  version "0.3.1"
  dependencies:
    "@jupyterlab/application" "^3.2.4"
    "@jupyterlab/apputils" "^3.2.4"
    "@jupyterlab/coreutils" "^5.2.4"
    "@jupyterlab/mainmenu" "^3.2.4 "
    "@phosphor/widgets" "^1.9.0"
    "@types/react" "^15.0.0"
